
Microsoft Visual Studio Solution File, Format Version 12.00
# Visual Studio Version 16
VisualStudioVersion = 16.0.29728.190
MinimumVisualStudioVersion = 10.0.40219.1
Project("{9A19103F-16F7-4668-BE54-9A1E7A4F7556}") = "BlazingPizza.Server", "BlazingPizza\Server\BlazingPizza.Server.csproj", "{118B7DC7-A71A-4013-A96A-A30949DC289B}"
EndProject
Project("{9A19103F-16F7-4668-BE54-9A1E7A4F7556}") = "BlazingPizza.Client", "BlazingPizza\Client\BlazingPizza.Client.csproj", "{31C9B9FD-7DFC-4025-A247-AD2B2AE39E9E}"
EndProject
Project("{9A19103F-16F7-4668-BE54-9A1E7A4F7556}") = "BlazingPizza.Shared", "BlazingPizza\Shared\BlazingPizza.Shared.csproj", "{39EF7912-B36A-402C-ADCA-136E6922D7C1}"
EndProject
Project("{9A19103F-16F7-4668-BE54-9A1E7A4F7556}") = "BlazingPizza.ComponentsLibrary", "BlazingPizza.ComponentsLibrary\BlazingPizza.ComponentsLibrary.csproj", "{78DADADB-ED7A-49A2-B6B8-9E7CB56ECA13}"
EndProject
Global
	GlobalSection(SolutionConfigurationPlatforms) = preSolution
		Debug|Any CPU = Debug|Any CPU
		Release|Any CPU = Release|Any CPU
	EndGlobalSection
	GlobalSection(ProjectConfigurationPlatforms) = postSolution
		{118B7DC7-A71A-4013-A96A-A30949DC289B}.Debug|Any CPU.ActiveCfg = Debug|Any CPU
		{118B7DC7-A71A-4013-A96A-A30949DC289B}.Debug|Any CPU.Build.0 = Debug|Any CPU
		{118B7DC7-A71A-4013-A96A-A30949DC289B}.Release|Any CPU.ActiveCfg = Release|Any CPU
		{118B7DC7-A71A-4013-A96A-A30949DC289B}.Release|Any CPU.Build.0 = Release|Any CPU
		{31C9B9FD-7DFC-4025-A247-AD2B2AE39E9E}.Debug|Any CPU.ActiveCfg = Debug|Any CPU
		{31C9B9FD-7DFC-4025-A247-AD2B2AE39E9E}.Debug|Any CPU.Build.0 = Debug|Any CPU
		{31C9B9FD-7DFC-4025-A247-AD2B2AE39E9E}.Release|Any CPU.ActiveCfg = Release|Any CPU
		{31C9B9FD-7DFC-4025-A247-AD2B2AE39E9E}.Release|Any CPU.Build.0 = Release|Any CPU
		{39EF7912-B36A-402C-ADCA-136E6922D7C1}.Debug|Any CPU.ActiveCfg = Debug|Any CPU
		{39EF7912-B36A-402C-ADCA-136E6922D7C1}.Debug|Any CPU.Build.0 = Debug|Any CPU
		{39EF7912-B36A-402C-ADCA-136E6922D7C1}.Release|Any CPU.ActiveCfg = Release|Any CPU
		{39EF7912-B36A-402C-ADCA-136E6922D7C1}.Release|Any CPU.Build.0 = Release|Any CPU
		{78DADADB-ED7A-49A2-B6B8-9E7CB56ECA13}.Debug|Any CPU.ActiveCfg = Debug|Any CPU
		{78DADADB-ED7A-49A2-B6B8-9E7CB56ECA13}.Debug|Any CPU.Build.0 = Debug|Any CPU
		{78DADADB-ED7A-49A2-B6B8-9E7CB56ECA13}.Release|Any CPU.ActiveCfg = Release|Any CPU
		{78DADADB-ED7A-49A2-B6B8-9E7CB56ECA13}.Release|Any CPU.Build.0 = Release|Any CPU
	EndGlobalSection
	GlobalSection(SolutionProperties) = preSolution
		HideSolutionNode = FALSE
	EndGlobalSection
	GlobalSection(ExtensibilityGlobals) = postSolution
		SolutionGuid = {E8BFA8FF-DD19-4D47-8696-35D326B4FFFE}
	EndGlobalSection
EndGlobal
